
Microsoft Visual Studio Solution File, Format Version 12.00
# Visual Studio Version 16
VisualStudioVersion = 16.0.810.6
MinimumVisualStudioVersion = 10.0.40219.1
Project("{FAE04EC0-301F-11D3-BF4B-00C04F79EFBC}") = "SuperBank", "SuperBank\SuperBank.csproj", "{952743EF-521C-40BC-B654-7BD828A636CD}"
EndProject
Global
	GlobalSection(SolutionConfigurationPlatforms) = preSolution
		Debug|Any CPU = Debug|Any CPU
		Release|Any CPU = Release|Any CPU
	EndGlobalSection
	GlobalSection(ProjectConfigurationPlatforms) = postSolution
		{952743EF-521C-40BC-B654-7BD828A636CD}.Debug|Any CPU.ActiveCfg = Debug|Any CPU
		{952743EF-521C-40BC-B654-7BD828A636CD}.Debug|Any CPU.Build.0 = Debug|Any CPU
		{952743EF-521C-40BC-B654-7BD828A636CD}.Release|Any CPU.ActiveCfg = Release|Any CPU
		{952743EF-521C-40BC-B654-7BD828A636CD}.Release|Any CPU.Build.0 = Release|Any CPU
	EndGlobalSection
	GlobalSection(SolutionProperties) = preSolution
		HideSolutionNode = FALSE
	EndGlobalSection
	GlobalSection(ExtensibilityGlobals) = postSolution
		SolutionGuid = {2C905FF6-984C-4762-A437-ABDC5F288D79}
	EndGlobalSection
EndGlobal
